
Microsoft Visual Studio Solution File, Format Version 12.00
# Visual Studio Version 16
VisualStudioVersion = 16.0.31112.23
MinimumVisualStudioVersion = 10.0.40219.1
Project("{FAE04EC0-301F-11D3-BF4B-00C04F79EFBC}") = "Muhasebe", "Muhasebe\Muhasebe.csproj", "{BFD416C1-C0B6-4CA2-A0B6-368236FB2916}"
EndProject
Project("{FAE04EC0-301F-11D3-BF4B-00C04F79EFBC}") = "Muhasebe.Entity", "Muhasebe.Entity\Muhasebe.Entity.csproj", "{101C0DA7-E681-4F4A-9418-574FBC6B6A39}"
EndProject
Project("{FAE04EC0-301F-11D3-BF4B-00C04F79EFBC}") = "Muhasebe.ORM", "Muhasebe.ORM\Muhasebe.ORM.csproj", "{C4E47034-453B-4708-B57F-72F1F01515B6}"
EndProject
Global
	GlobalSection(SolutionConfigurationPlatforms) = preSolution
		Debug|Any CPU = Debug|Any CPU
		Release|Any CPU = Release|Any CPU
	EndGlobalSection
	GlobalSection(ProjectConfigurationPlatforms) = postSolution
		{BFD416C1-C0B6-4CA2-A0B6-368236FB2916}.Debug|Any CPU.ActiveCfg = Debug|Any CPU
		{BFD416C1-C0B6-4CA2-A0B6-368236FB2916}.Debug|Any CPU.Build.0 = Debug|Any CPU
		{BFD416C1-C0B6-4CA2-A0B6-368236FB2916}.Release|Any CPU.ActiveCfg = Release|Any CPU
		{BFD416C1-C0B6-4CA2-A0B6-368236FB2916}.Release|Any CPU.Build.0 = Release|Any CPU
		{101C0DA7-E681-4F4A-9418-574FBC6B6A39}.Debug|Any CPU.ActiveCfg = Debug|Any CPU
		{101C0DA7-E681-4F4A-9418-574FBC6B6A39}.Debug|Any CPU.Build.0 = Debug|Any CPU
		{101C0DA7-E681-4F4A-9418-574FBC6B6A39}.Release|Any CPU.ActiveCfg = Release|Any CPU
		{101C0DA7-E681-4F4A-9418-574FBC6B6A39}.Release|Any CPU.Build.0 = Release|Any CPU
		{C4E47034-453B-4708-B57F-72F1F01515B6}.Debug|Any CPU.ActiveCfg = Debug|Any CPU
		{C4E47034-453B-4708-B57F-72F1F01515B6}.Debug|Any CPU.Build.0 = Debug|Any CPU
		{C4E47034-453B-4708-B57F-72F1F01515B6}.Release|Any CPU.ActiveCfg = Release|Any CPU
		{C4E47034-453B-4708-B57F-72F1F01515B6}.Release|Any CPU.Build.0 = Release|Any CPU
	EndGlobalSection
	GlobalSection(SolutionProperties) = preSolution
		HideSolutionNode = FALSE
	EndGlobalSection
	GlobalSection(ExtensibilityGlobals) = postSolution
		SolutionGuid = {1F3CEDF6-3C8E-4CE1-8A66-252D7541A545}
	EndGlobalSection
EndGlobal
